
Microsoft Visual Studio Solution File, Format Version 12.00
# Visual Studio Version 17
VisualStudioVersion = 17.9.34616.47
MinimumVisualStudioVersion = 10.0.40219.1
Project("{FAE04EC0-301F-11D3-BF4B-00C04F79EFBC}") = "az", "az.csproj", "{0C2E5905-5318-48A5-BA3B-FCA041BE6AD2}"
EndProject
Global
	GlobalSection(SolutionConfigurationPlatforms) = preSolution
		Debug|Any CPU = Debug|Any CPU
		Release|Any CPU = Release|Any CPU
	EndGlobalSection
	GlobalSection(ProjectConfigurationPlatforms) = postSolution
		{0C2E5905-5318-48A5-BA3B-FCA041BE6AD2}.Debug|Any CPU.ActiveCfg = Debug|Any CPU
		{0C2E5905-5318-48A5-BA3B-FCA041BE6AD2}.Debug|Any CPU.Build.0 = Debug|Any CPU
		{0C2E5905-5318-48A5-BA3B-FCA041BE6AD2}.Release|Any CPU.ActiveCfg = Release|Any CPU
		{0C2E5905-5318-48A5-BA3B-FCA041BE6AD2}.Release|Any CPU.Build.0 = Release|Any CPU
	EndGlobalSection
	GlobalSection(SolutionProperties) = preSolution
		HideSolutionNode = FALSE
	EndGlobalSection
	GlobalSection(ExtensibilityGlobals) = postSolution
		SolutionGuid = {B6968107-0163-497A-83E3-430F8B431421}
	EndGlobalSection
EndGlobal
